// !$*UTF8*$!
{
	archiveVersion = 1;
	classes = {
	};
	objectVersion = 50;
	objects = {

/* Begin PBXBuildFile section */
		1106EBFB2570C9AC0015C3BE /* CalculatorApp.swift in Sources */ = {isa = PBXBuildFile; fileRef = 1106EBFA2570C9AC0015C3BE /* CalculatorApp.swift */; };
		1106EBFD2570C9AC0015C3BE /* ContentView.swift in Sources */ = {isa = PBXBuildFile; fileRef = 1106EBFC2570C9AC0015C3BE /* ContentView.swift */; };
		1106EBFF2570C9AE0015C3BE /* Assets.xcassets in Resources */ = {isa = PBXBuildFile; fileRef = 1106EBFE2570C9AE0015C3BE /* Assets.xcassets */; };
		1106EC022570C9AE0015C3BE /* Preview Assets.xcassets in Resources */ = {isa = PBXBuildFile; fileRef = 1106EC012570C9AE0015C3BE /* Preview Assets.xcassets */; };
		1106EC0D2570C9AE0015C3BE /* CalculatorTests.swift in Sources */ = {isa = PBXBuildFile; fileRef = 1106EC0C2570C9AE0015C3BE /* CalculatorTests.swift */; };
		1106EC182570C9AE0015C3BE /* CalculatorUITests.swift in Sources */ = {isa = PBXBuildFile; fileRef = 1106EC172570C9AE0015C3BE /* CalculatorUITests.swift */; };
		1106EC292570E3A70015C3BE /* CalculatorButtonItem.swift in Sources */ = {isa = PBXBuildFile; fileRef = 1106EC282570E3A70015C3BE /* CalculatorButtonItem.swift */; };
/* End PBXBuildFile section */

/* Begin PBXContainerItemProxy section */
		1106EC092570C9AE0015C3BE /* PBXContainerItemProxy */ = {
			isa = PBXContainerItemProxy;
			containerPortal = 1106EBEF2570C9AC0015C3BE /* Project object */;
			proxyType = 1;
			remoteGlobalIDString = 1106EBF62570C9AC0015C3BE;
			remoteInfo = Calculator;
		};
		1106EC142570C9AE0015C3BE /* PBXContainerItemProxy */ = {
			isa = PBXContainerItemProxy;
			containerPortal = 1106EBEF2570C9AC0015C3BE /* Project object */;
			proxyType = 1;
			remoteGlobalIDString = 1106EBF62570C9AC0015C3BE;
			remoteInfo = Calculator;
		};
/* End PBXContainerItemProxy section */

/* Begin PBXFileReference section */
		1106EBF72570C9AC0015C3BE /* Calculator.app */ = {isa = PBXFileReference; explicitFileType = wrapper.application; includeInIndex = 0; path = Calculator.app; sourceTree = BUILT_PRODUCTS_DIR; };
		1106EBFA2570C9AC0015C3BE /* CalculatorApp.swift */ = {isa = PBXFileReference; lastKnownFileType = sourcecode.swift; path = CalculatorApp.swift; sourceTree = "<group>"; };
		1106EBFC2570C9AC0015C3BE /* ContentView.swift */ = {isa = PBXFileReference; lastKnownFileType = sourcecode.swift; path = ContentView.swift; sourceTree = "<group>"; };
		1106EBFE2570C9AE0015C3BE /* Assets.xcassets */ = {isa = PBXFileReference; lastKnownFileType = folder.assetcatalog; path = Assets.xcassets; sourceTree = "<group>"; };
		1106EC012570C9AE0015C3BE /* Preview Assets.xcassets */ = {isa = PBXFileReference; lastKnownFileType = folder.assetcatalog; path = "Preview Assets.xcassets"; sourceTree = "<group>"; };
		1106EC032570C9AE0015C3BE /* Info.plist */ = {isa = PBXFileReference; lastKnownFileType = text.plist.xml; path = Info.plist; sourceTree = "<group>"; };
		1106EC082570C9AE0015C3BE /* CalculatorTests.xctest */ = {isa = PBXFileReference; explicitFileType = wrapper.cfbundle; includeInIndex = 0; path = CalculatorTests.xctest; sourceTree = BUILT_PRODUCTS_DIR; };
		1106EC0C2570C9AE0015C3BE /* CalculatorTests.swift */ = {isa = PBXFileReference; lastKnownFileType = sourcecode.swift; path = CalculatorTests.swift; sourceTree = "<group>"; };
		1106EC0E2570C9AE0015C3BE /* Info.plist */ = {isa = PBXFileReference; lastKnownFileType = text.plist.xml; path = Info.plist; sourceTree = "<group>"; };
		1106EC132570C9AE0015C3BE /* CalculatorUITests.xctest */ = {isa = PBXFileReference; explicitFileType = wrapper.cfbundle; includeInIndex = 0; path = CalculatorUITests.xctest; sourceTree = BUILT_PRODUCTS_DIR; };
		1106EC172570C9AE0015C3BE /* CalculatorUITests.swift */ = {isa = PBXFileReference; lastKnownFileType = sourcecode.swift; path = CalculatorUITests.swift; sourceTree = "<group>"; };
		1106EC192570C9AE0015C3BE /* Info.plist */ = {isa = PBXFileReference; lastKnownFileType = text.plist.xml; path = Info.plist; sourceTree = "<group>"; };
		1106EC282570E3A70015C3BE /* CalculatorButtonItem.swift */ = {isa = PBXFileReference; lastKnownFileType = sourcecode.swift; path = CalculatorButtonItem.swift; sourceTree = "<group>"; };
/* End PBXFileReference section */

/* Begin PBXFrameworksBuildPhase section */
		1106EBF42570C9AC0015C3BE /* Frameworks */ = {
			isa = PBXFrameworksBuildPhase;
			buildActionMask = 2147483647;
			files = (
			);
			runOnlyForDeploymentPostprocessing = 0;
		};
		1106EC052570C9AE0015C3BE /* Frameworks */ = {
			isa = PBXFrameworksBuildPhase;
			buildActionMask = 2147483647;
			files = (
			);
			runOnlyForDeploymentPostprocessing = 0;
		};
		1106EC102570C9AE0015C3BE /* Frameworks */ = {
			isa = PBXFrameworksBuildPhase;
			buildActionMask = 2147483647;
			files = (
			);
			runOnlyForDeploymentPostprocessing = 0;
		};
/* End PBXFrameworksBuildPhase section */

/* Begin PBXGroup section */
		1106EBEE2570C9AC0015C3BE = {
			isa = PBXGroup;
			children = (
				1106EBF92570C9AC0015C3BE /* Calculator */,
				1106EC0B2570C9AE0015C3BE /* CalculatorTests */,
				1106EC162570C9AE0015C3BE /* CalculatorUITests */,
				1106EBF82570C9AC0015C3BE /* Products */,
			);
			sourceTree = "<group>";
		};
		1106EBF82570C9AC0015C3BE /* Products */ = {
			isa = PBXGroup;
			children = (
				1106EBF72570C9AC0015C3BE /* Calculator.app */,
				1106EC082570C9AE0015C3BE /* CalculatorTests.xctest */,
				1106EC132570C9AE0015C3BE /* CalculatorUITests.xctest */,
			);
			name = Products;
			sourceTree = "<group>";
		};
		1106EBF92570C9AC0015C3BE /* Calculator */ = {
			isa = PBXGroup;
			children = (
				1106EBFA2570C9AC0015C3BE /* CalculatorApp.swift */,
				1106EBFC2570C9AC0015C3BE /* ContentView.swift */,
				1106EC282570E3A70015C3BE /* CalculatorButtonItem.swift */,
				1106EBFE2570C9AE0015C3BE /* Assets.xcassets */,
				1106EC032570C9AE0015C3BE /* Info.plist */,
				1106EC002570C9AE0015C3BE /* Preview Content */,
			);
			path = Calculator;
			sourceTree = "<group>";
		};
		1106EC002570C9AE0015C3BE /* Preview Content */ = {
			isa = PBXGroup;
			children = (
				1106EC012570C9AE0015C3BE /* Preview Assets.xcassets */,
			);
			path = "Preview Content";
			sourceTree = "<group>";
		};
		1106EC0B2570C9AE0015C3BE /* CalculatorTests */ = {
			isa = PBXGroup;
			children = (
				1106EC0C2570C9AE0015C3BE /* CalculatorTests.swift */,
				1106EC0E2570C9AE0015C3BE /* Info.plist */,
			);
			path = CalculatorTests;
			sourceTree = "<group>";
		};
		1106EC162570C9AE0015C3BE /* CalculatorUITests */ = {
			isa = PBXGroup;
			children = (
				1106EC172570C9AE0015C3BE /* CalculatorUITests.swift */,
				1106EC192570C9AE0015C3BE /* Info.plist */,
			);
			path = CalculatorUITests;
			sourceTree = "<group>";
		};
/* End PBXGroup section */

/* Begin PBXNativeTarget section */
		1106EBF62570C9AC0015C3BE /* Calculator */ = {
			isa = PBXNativeTarget;
			buildConfigurationList = 1106EC1C2570C9AE0015C3BE /* Build configuration list for PBXNativeTarget "Calculator" */;
			buildPhases = (
				1106EBF32570C9AC0015C3BE /* Sources */,
				1106EBF42570C9AC0015C3BE /* Frameworks */,
				1106EBF52570C9AC0015C3BE /* Resources */,
			);
			buildRules = (
			);
			dependencies = (
			);
			name = Calculator;
			productName = Calculator;
			productReference = 1106EBF72570C9AC0015C3BE /* Calculator.app */;
			productType = "com.apple.product-type.application";
		};
		1106EC072570C9AE0015C3BE /* CalculatorTests */ = {
			isa = PBXNativeTarget;
			buildConfigurationList = 1106EC1F2570C9AE0015C3BE /* Build configuration list for PBXNativeTarget "CalculatorTests" */;
			buildPhases = (
				1106EC042570C9AE0015C3BE /* Sources */,
				1106EC052570C9AE0015C3BE /* Frameworks */,
				1106EC062570C9AE0015C3BE /* Resources */,
			);
			buildRules = (
			);
			dependencies = (
				1106EC0A2570C9AE0015C3BE /* PBXTargetDependency */,
			);
			name = CalculatorTests;
			productName = CalculatorTests;
			productReference = 1106EC082570C9AE0015C3BE /* CalculatorTests.xctest */;
			productType = "com.apple.product-type.bundle.unit-test";
		};
		1106EC122570C9AE0015C3BE /* CalculatorUITests */ = {
			isa = PBXNativeTarget;
			buildConfigurationList = 1106EC222570C9AE0015C3BE /* Build configuration list for PBXNativeTarget "CalculatorUITests" */;
			buildPhases = (
				1106EC0F2570C9AE0015C3BE /* Sources */,
				1106EC102570C9AE0015C3BE /* Frameworks */,
				1106EC112570C9AE0015C3BE /* Resources */,
			);
			buildRules = (
			);
			dependencies = (
				1106EC152570C9AE0015C3BE /* PBXTargetDependency */,
			);
			name = CalculatorUITests;
			productName = CalculatorUITests;
			productReference = 1106EC132570C9AE0015C3BE /* CalculatorUITests.xctest */;
			productType = "com.apple.product-type.bundle.ui-testing";
		};
/* End PBXNativeTarget section */

/* Begin PBXProject section */
		1106EBEF2570C9AC0015C3BE /* Project object */ = {
			isa = PBXProject;
			attributes = {
				LastSwiftUpdateCheck = 1220;
				LastUpgradeCheck = 1220;
				TargetAttributes = {
					1106EBF62570C9AC0015C3BE = {
						CreatedOnToolsVersion = 12.2;
					};
					1106EC072570C9AE0015C3BE = {
						CreatedOnToolsVersion = 12.2;
						TestTargetID = 1106EBF62570C9AC0015C3BE;
					};
					1106EC122570C9AE0015C3BE = {
						CreatedOnToolsVersion = 12.2;
						TestTargetID = 1106EBF62570C9AC0015C3BE;
					};
				};
			};
			buildConfigurationList = 1106EBF22570C9AC0015C3BE /* Build configuration list for PBXProject "Calculator" */;
			compatibilityVersion = "Xcode 9.3";
			developmentRegion = en;
			hasScannedForEncodings = 0;
			knownRegions = (
				en,
				Base,
			);
			mainGroup = 1106EBEE2570C9AC0015C3BE;
			productRefGroup = 1106EBF82570C9AC0015C3BE /* Products */;
			projectDirPath = "";
			projectRoot = "";
			targets = (
				1106EBF62570C9AC0015C3BE /* Calculator */,
				1106EC072570C9AE0015C3BE /* CalculatorTests */,
				1106EC122570C9AE0015C3BE /* CalculatorUITests */,
			);
		};
/* End PBXProject section */

/* Begin PBXResourcesBuildPhase section */
		1106EBF52570C9AC0015C3BE /* Resources */ = {
			isa = PBXResourcesBuildPhase;
			buildActionMask = 2147483647;
			files = (
				1106EC022570C9AE0015C3BE /* Preview Assets.xcassets in Resources */,
				1106EBFF2570C9AE0015C3BE /* Assets.xcassets in Resources */,
			);
			runOnlyForDeploymentPostprocessing = 0;
		};
		1106EC062570C9AE0015C3BE /* Resources */ = {
			isa = PBXResourcesBuildPhase;
			buildActionMask = 2147483647;
			files = (
			);
			runOnlyForDeploymentPostprocessing = 0;
		};
		1106EC112570C9AE0015C3BE /* Resources */ = {
			isa = PBXResourcesBuildPhase;
			buildActionMask = 2147483647;
			files = (
			);
			runOnlyForDeploymentPostprocessing = 0;
		};
/* End PBXResourcesBuildPhase section */

/* Begin PBXSourcesBuildPhase section */
		1106EBF32570C9AC0015C3BE /* Sources */ = {
			isa = PBXSourcesBuildPhase;
			buildActionMask = 2147483647;
			files = (
				1106EBFD2570C9AC0015C3BE /* ContentView.swift in Sources */,
				1106EBFB2570C9AC0015C3BE /* CalculatorApp.swift in Sources */,
				1106EC292570E3A70015C3BE /* CalculatorButtonItem.swift in Sources */,
			);
			runOnlyForDeploymentPostprocessing = 0;
		};
		1106EC042570C9AE0015C3BE /* Sources */ = {
			isa = PBXSourcesBuildPhase;
			buildActionMask = 2147483647;
			files = (
				1106EC0D2570C9AE0015C3BE /* CalculatorTests.swift in Sources */,
			);
			runOnlyForDeploymentPostprocessing = 0;
		};
		1106EC0F2570C9AE0015C3BE /* Sources */ = {
			isa = PBXSourcesBuildPhase;
			buildActionMask = 2147483647;
			files = (
				1106EC182570C9AE0015C3BE /* CalculatorUITests.swift in Sources */,
			);
			runOnlyForDeploymentPostprocessing = 0;
		};
/* End PBXSourcesBuildPhase section */

/* Begin PBXTargetDependency section */
		1106EC0A2570C9AE0015C3BE /* PBXTargetDependency */ = {
			isa = PBXTargetDependency;
			target = 1106EBF62570C9AC0015C3BE /* Calculator */;
			targetProxy = 1106EC092570C9AE0015C3BE /* PBXContainerItemProxy */;
		};
		1106EC152570C9AE0015C3BE /* PBXTargetDependency */ = {
			isa = PBXTargetDependency;
			target = 1106EBF62570C9AC0015C3BE /* Calculator */;
			targetProxy = 1106EC142570C9AE0015C3BE /* PBXContainerItemProxy */;
		};
/* End PBXTargetDependency section */

/* Begin XCBuildConfiguration section */
		1106EC1A2570C9AE0015C3BE /* Debug */ = {
			isa = XCBuildConfiguration;
			buildSettings = {
				ALWAYS_SEARCH_USER_PATHS = NO;
				CLANG_ANALYZER_NONNULL = YES;
				CLANG_ANALYZER_NUMBER_OBJECT_CONVERSION = YES_AGGRESSIVE;
				CLANG_CXX_LANGUAGE_STANDARD = "gnu++14";
				CLANG_CXX_LIBRARY = "libc++";
				CLANG_ENABLE_MODULES = YES;
				CLANG_ENABLE_OBJC_ARC = YES;
				CLANG_ENABLE_OBJC_WEAK = YES;
				CLANG_WARN_BLOCK_CAPTURE_AUTORELEASING = YES;
				CLANG_WARN_BOOL_CONVERSION = YES;
				CLANG_WARN_COMMA = YES;
				CLANG_WARN_CONSTANT_CONVERSION = YES;
				CLANG_WARN_DEPRECATED_OBJC_IMPLEMENTATIONS = YES;
				CLANG_WARN_DIRECT_OBJC_ISA_USAGE = YES_ERROR;
				CLANG_WARN_DOCUMENTATION_COMMENTS = YES;
				CLANG_WARN_EMPTY_BODY = YES;
				CLANG_WARN_ENUM_CONVERSION = YES;
				CLANG_WARN_INFINITE_RECURSION = YES;
				CLANG_WARN_INT_CONVERSION = YES;
				CLANG_WARN_NON_LITERAL_NULL_CONVERSION = YES;
				CLANG_WARN_OBJC_IMPLICIT_RETAIN_SELF = YES;
				CLANG_WARN_OBJC_LITERAL_CONVERSION = YES;
				CLANG_WARN_OBJC_ROOT_CLASS = YES_ERROR;
				CLANG_WARN_QUOTED_INCLUDE_IN_FRAMEWORK_HEADER = YES;
				CLANG_WARN_RANGE_LOOP_ANALYSIS = YES;
				CLANG_WARN_STRICT_PROTOTYPES = YES;
				CLANG_WARN_SUSPICIOUS_MOVE = YES;
				CLANG_WARN_UNGUARDED_AVAILABILITY = YES_AGGRESSIVE;
				CLANG_WARN_UNREACHABLE_CODE = YES;
				CLANG_WARN__DUPLICATE_METHOD_MATCH = YES;
				COPY_PHASE_STRIP = NO;
				DEBUG_INFORMATION_FORMAT = dwarf;
				ENABLE_STRICT_OBJC_MSGSEND = YES;
				ENABLE_TESTABILITY = YES;
				GCC_C_LANGUAGE_STANDARD = gnu11;
				GCC_DYNAMIC_NO_PIC = NO;
				GCC_NO_COMMON_BLOCKS = YES;
				GCC_OPTIMIZATION_LEVEL = 0;
				GCC_PREPROCESSOR_DEFINITIONS = (
					"DEBUG=1",
					"$(inherited)",
				);
				GCC_WARN_64_TO_32_BIT_CONVERSION = YES;
				GCC_WARN_ABOUT_RETURN_TYPE = YES_ERROR;
				GCC_WARN_UNDECLARED_SELECTOR = YES;
				GCC_WARN_UNINITIALIZED_AUTOS = YES_AGGRESSIVE;
				GCC_WARN_UNUSED_FUNCTION = YES;
				GCC_WARN_UNUSED_VARIABLE = YES;
				IPHONEOS_DEPLOYMENT_TARGET = 14.2;
				MTL_ENABLE_DEBUG_INFO = INCLUDE_SOURCE;
				MTL_FAST_MATH = YES;
				ONLY_ACTIVE_ARCH = YES;
				SDKROOT = iphoneos;
				SWIFT_ACTIVE_COMPILATION_CONDITIONS = DEBUG;
				SWIFT_OPTIMIZATION_LEVEL = "-Onone";
			};
			name = Debug;
		};
		1106EC1B2570C9AE0015C3BE /* Release */ = {
			isa = XCBuildConfiguration;
			buildSettings = {
				ALWAYS_SEARCH_USER_PATHS = NO;
				CLANG_ANALYZER_NONNULL = YES;
				CLANG_ANALYZER_NUMBER_OBJECT_CONVERSION = YES_AGGRESSIVE;
				CLANG_CXX_LANGUAGE_STANDARD = "gnu++14";
				CLANG_CXX_LIBRARY = "libc++";
				CLANG_ENABLE_MODULES = YES;
				CLANG_ENABLE_OBJC_ARC = YES;
				CLANG_ENABLE_OBJC_WEAK = YES;
				CLANG_WARN_BLOCK_CAPTURE_AUTORELEASING = YES;
				CLANG_WARN_BOOL_CONVERSION = YES;
				CLANG_WARN_COMMA = YES;
				CLANG_WARN_CONSTANT_CONVERSION = YES;
				CLANG_WARN_DEPRECATED_OBJC_IMPLEMENTATIONS = YES;
				CLANG_WARN_DIRECT_OBJC_ISA_USAGE = YES_ERROR;
				CLANG_WARN_DOCUMENTATION_COMMENTS = YES;
				CLANG_WARN_EMPTY_BODY = YES;
				CLANG_WARN_ENUM_CONVERSION = YES;
				CLANG_WARN_INFINITE_RECURSION = YES;
				CLANG_WARN_INT_CONVERSION = YES;
				CLANG_WARN_NON_LITERAL_NULL_CONVERSION = YES;
				CLANG_WARN_OBJC_IMPLICIT_RETAIN_SELF = YES;
				CLANG_WARN_OBJC_LITERAL_CONVERSION = YES;
				CLANG_WARN_OBJC_ROOT_CLASS = YES_ERROR;
				CLANG_WARN_QUOTED_INCLUDE_IN_FRAMEWORK_HEADER = YES;
				CLANG_WARN_RANGE_LOOP_ANALYSIS = YES;
				CLANG_WARN_STRICT_PROTOTYPES = YES;
				CLANG_WARN_SUSPICIOUS_MOVE = YES;
				CLANG_WARN_UNGUARDED_AVAILABILITY = YES_AGGRESSIVE;
				CLANG_WARN_UNREACHABLE_CODE = YES;
				CLANG_WARN__DUPLICATE_METHOD_MATCH = YES;
				COPY_PHASE_STRIP = NO;
				DEBUG_INFORMATION_FORMAT = "dwarf-with-dsym";
				ENABLE_NS_ASSERTIONS = NO;
				ENABLE_STRICT_OBJC_MSGSEND = YES;
				GCC_C_LANGUAGE_STANDARD = gnu11;
				GCC_NO_COMMON_BLOCKS = YES;
				GCC_WARN_64_TO_32_BIT_CONVERSION = YES;
				GCC_WARN_ABOUT_RETURN_TYPE = YES_ERROR;
				GCC_WARN_UNDECLARED_SELECTOR = YES;
				GCC_WARN_UNINITIALIZED_AUTOS = YES_AGGRESSIVE;
				GCC_WARN_UNUSED_FUNCTION = YES;
				GCC_WARN_UNUSED_VARIABLE = YES;
				IPHONEOS_DEPLOYMENT_TARGET = 14.2;
				MTL_ENABLE_DEBUG_INFO = NO;
				MTL_FAST_MATH = YES;
				SDKROOT = iphoneos;
				SWIFT_COMPILATION_MODE = wholemodule;
				SWIFT_OPTIMIZATION_LEVEL = "-O";
				VALIDATE_PRODUCT = YES;
			};
			name = Release;
		};
		1106EC1D2570C9AE0015C3BE /* Debug */ = {
			isa = XCBuildConfiguration;
			buildSettings = {
				ASSETCATALOG_COMPILER_APPICON_NAME = AppIcon;
				ASSETCATALOG_COMPILER_GLOBAL_ACCENT_COLOR_NAME = AccentColor;
				CODE_SIGN_STYLE = Automatic;
				DEVELOPMENT_ASSET_PATHS = "\"Calculator/Preview Content\"";
				DEVELOPMENT_TEAM = E75BGBW7FV;
				ENABLE_PREVIEWS = YES;
				INFOPLIST_FILE = Calculator/Info.plist;
				IPHONEOS_DEPLOYMENT_TARGET = 14.0;
				LD_RUNPATH_SEARCH_PATHS = (
					"$(inherited)",
					"@executable_path/Frameworks",
				);
				PRODUCT_BUNDLE_IDENTIFIER = com.xiao.swift.Calculator;
				PRODUCT_NAME = "$(TARGET_NAME)";
				SWIFT_VERSION = 5.0;
				TARGETED_DEVICE_FAMILY = "1,2";
			};
			name = Debug;
		};
		1106EC1E2570C9AE0015C3BE /* Release */ = {
			isa = XCBuildConfiguration;
			buildSettings = {
				ASSETCATALOG_COMPILER_APPICON_NAME = AppIcon;
				ASSETCATALOG_COMPILER_GLOBAL_ACCENT_COLOR_NAME = AccentColor;
				CODE_SIGN_STYLE = Automatic;
				DEVELOPMENT_ASSET_PATHS = "\"Calculator/Preview Content\"";
				DEVELOPMENT_TEAM = E75BGBW7FV;
				ENABLE_PREVIEWS = YES;
				INFOPLIST_FILE = Calculator/Info.plist;
				IPHONEOS_DEPLOYMENT_TARGET = 14.0;
				LD_RUNPATH_SEARCH_PATHS = (
					"$(inherited)",
					"@executable_path/Frameworks",
				);
				PRODUCT_BUNDLE_IDENTIFIER = com.xiao.swift.Calculator;
				PRODUCT_NAME = "$(TARGET_NAME)";
				SWIFT_VERSION = 5.0;
				TARGETED_DEVICE_FAMILY = "1,2";
			};
			name = Release;
		};
		1106EC202570C9AE0015C3BE /* Debug */ = {
			isa = XCBuildConfiguration;
			buildSettings = {
				ALWAYS_EMBED_SWIFT_STANDARD_LIBRARIES = YES;
				BUNDLE_LOADER = "$(TEST_HOST)";
				CODE_SIGN_STYLE = Automatic;
				DEVELOPMENT_TEAM = E75BGBW7FV;
				INFOPLIST_FILE = CalculatorTests/Info.plist;
				IPHONEOS_DEPLOYMENT_TARGET = 14.0;
				LD_RUNPATH_SEARCH_PATHS = (
					"$(inherited)",
					"@executable_path/Frameworks",
					"@loader_path/Frameworks",
				);
				PRODUCT_BUNDLE_IDENTIFIER = com.xiao.swift.CalculatorTests;
				PRODUCT_NAME = "$(TARGET_NAME)";
				SWIFT_VERSION = 5.0;
				TARGETED_DEVICE_FAMILY = "1,2";
				TEST_HOST = "$(BUILT_PRODUCTS_DIR)/Calculator.app/Calculator";
			};
			name = Debug;
		};
		1106EC212570C9AE0015C3BE /* Release */ = {
			isa = XCBuildConfiguration;
			buildSettings = {
				ALWAYS_EMBED_SWIFT_STANDARD_LIBRARIES = YES;
				BUNDLE_LOADER = "$(TEST_HOST)";
				CODE_SIGN_STYLE = Automatic;
				DEVELOPMENT_TEAM = E75BGBW7FV;
				INFOPLIST_FILE = CalculatorTests/Info.plist;
				IPHONEOS_DEPLOYMENT_TARGET = 14.0;
				LD_RUNPATH_SEARCH_PATHS = (
					"$(inherited)",
					"@executable_path/Frameworks",
					"@loader_path/Frameworks",
				);
				PRODUCT_BUNDLE_IDENTIFIER = com.xiao.swift.CalculatorTests;
				PRODUCT_NAME = "$(TARGET_NAME)";
				SWIFT_VERSION = 5.0;
				TARGETED_DEVICE_FAMILY = "1,2";
				TEST_HOST = "$(BUILT_PRODUCTS_DIR)/Calculator.app/Calculator";
			};
			name = Release;
		};
		1106EC232570C9AE0015C3BE /* Debug */ = {
			isa = XCBuildConfiguration;
			buildSettings = {
				ALWAYS_EMBED_SWIFT_STANDARD_LIBRARIES = YES;
				CODE_SIGN_STYLE = Automatic;
				DEVELOPMENT_TEAM = E75BGBW7FV;
				INFOPLIST_FILE = CalculatorUITests/Info.plist;
				LD_RUNPATH_SEARCH_PATHS = (
					"$(inherited)",
					"@executable_path/Frameworks",
					"@loader_path/Frameworks",
				);
				PRODUCT_BUNDLE_IDENTIFIER = com.xiao.swift.CalculatorUITests;
				PRODUCT_NAME = "$(TARGET_NAME)";
				SWIFT_VERSION = 5.0;
				TARGETED_DEVICE_FAMILY = "1,2";
				TEST_TARGET_NAME = Calculator;
			};
			name = Debug;
		};
		1106EC242570C9AE0015C3BE /* Release */ = {
			isa = XCBuildConfiguration;
			buildSettings = {
				ALWAYS_EMBED_SWIFT_STANDARD_LIBRARIES = YES;
				CODE_SIGN_STYLE = Automatic;
				DEVELOPMENT_TEAM = E75BGBW7FV;
				INFOPLIST_FILE = CalculatorUITests/Info.plist;
				LD_RUNPATH_SEARCH_PATHS = (
					"$(inherited)",
					"@executable_path/Frameworks",
					"@loader_path/Frameworks",
				);
				PRODUCT_BUNDLE_IDENTIFIER = com.xiao.swift.CalculatorUITests;
				PRODUCT_NAME = "$(TARGET_NAME)";
				SWIFT_VERSION = 5.0;
				TARGETED_DEVICE_FAMILY = "1,2";
				TEST_TARGET_NAME = Calculator;
			};
			name = Release;
		};
/* End XCBuildConfiguration section */

/* Begin XCConfigurationList section */
		1106EBF22570C9AC0015C3BE /* Build configuration list for PBXProject "Calculator" */ = {
			isa = XCConfigurationList;
			buildConfigurations = (
				1106EC1A2570C9AE0015C3BE /* Debug */,
				1106EC1B2570C9AE0015C3BE /* Release */,
			);
			defaultConfigurationIsVisible = 0;
			defaultConfigurationName = Release;
		};
		1106EC1C2570C9AE0015C3BE /* Build configuration list for PBXNativeTarget "Calculator" */ = {
			isa = XCConfigurationList;
			buildConfigurations = (
				1106EC1D2570C9AE0015C3BE /* Debug */,
				1106EC1E2570C9AE0015C3BE /* Release */,
			);
			defaultConfigurationIsVisible = 0;
			defaultConfigurationName = Release;
		};
		1106EC1F2570C9AE0015C3BE /* Build configuration list for PBXNativeTarget "CalculatorTests" */ = {
			isa = XCConfigurationList;
			buildConfigurations = (
				1106EC202570C9AE0015C3BE /* Debug */,
				1106EC212570C9AE0015C3BE /* Release */,
			);
			defaultConfigurationIsVisible = 0;
			defaultConfigurationName = Release;
		};
		1106EC222570C9AE0015C3BE /* Build configuration list for PBXNativeTarget "CalculatorUITests" */ = {
			isa = XCConfigurationList;
			buildConfigurations = (
				1106EC232570C9AE0015C3BE /* Debug */,
				1106EC242570C9AE0015C3BE /* Release */,
			);
			defaultConfigurationIsVisible = 0;
			defaultConfigurationName = Release;
		};
/* End XCConfigurationList section */
	};
	rootObject = 1106EBEF2570C9AC0015C3BE /* Project object */;
}
